
Microsoft Visual Studio Solution File, Format Version 12.00
# Visual Studio 15
VisualStudioVersion = 15.0.26430.14
MinimumVisualStudioVersion = 10.0.40219.1
Project("{F184B08F-C81C-45F6-A57F-5ABD9991F28F}") = "LeadOutPulsationCalculator", "LeadOutPulsationCalculator.vbproj", "{D9FD4A2E-BF58-407B-B2F9-0F8E3CBD673F}"
EndProject
Global
	GlobalSection(SolutionConfigurationPlatforms) = preSolution
		Debug|x86 = Debug|x86
		Release|x86 = Release|x86
	EndGlobalSection
	GlobalSection(ProjectConfigurationPlatforms) = postSolution
		{D9FD4A2E-BF58-407B-B2F9-0F8E3CBD673F}.Debug|x86.ActiveCfg = Debug|x86
		{D9FD4A2E-BF58-407B-B2F9-0F8E3CBD673F}.Debug|x86.Build.0 = Debug|x86
		{D9FD4A2E-BF58-407B-B2F9-0F8E3CBD673F}.Release|x86.ActiveCfg = Release|x86
		{D9FD4A2E-BF58-407B-B2F9-0F8E3CBD673F}.Release|x86.Build.0 = Release|x86
	EndGlobalSection
	GlobalSection(SolutionProperties) = preSolution
		HideSolutionNode = FALSE
	EndGlobalSection
	GlobalSection(ExtensibilityGlobals) = postSolution
		SolutionGuid = {66835728-3226-47C6-96E2-224329516723}
	EndGlobalSection
EndGlobal
